<?xml version="1.0" encoding="utf-8"?>
<Project xmlns="http://schemas.microsoft.com/developer/msbuild/2003">
  <ItemGroup>
    <Filter Include="Form Files">
      <UniqueIdentifier>{99349809-55BA-4b9d-BF79-8FDBB0286EB3}</UniqueIdentifier>
      <Extensions>ui</Extensions>
      <ParseFiles>false</ParseFiles>
    </Filter>
    <Filter Include="Form Files">
      <UniqueIdentifier>{99349809-55BA-4b9d-BF79-8FDBB0286EB3}</UniqueIdentifier>
      <Extensions>ui</Extensions>
      <ParseFiles>false</ParseFiles>
    </Filter>
    <Filter Include="Generated Files">
      <UniqueIdentifier>{71ED8ED8-ACB9-4CE9-BBE1-E00B30144E11}</UniqueIdentifier>
      <Extensions>cpp;c;cxx;moc;h;def;odl;idl;res;</Extensions>
    </Filter>
    <Filter Include="Generated Files">
      <UniqueIdentifier>{71ED8ED8-ACB9-4CE9-BBE1-E00B30144E11}</UniqueIdentifier>
      <Extensions>cpp;c;cxx;moc;h;def;odl;idl;res;</Extensions>
    </Filter>
    <Filter Include="Header Files">
      <UniqueIdentifier>{93995380-89BD-4b04-88EB-625FBE52EBFB}</UniqueIdentifier>
      <Extensions>h;hpp;hxx;hm;inl;inc;xsd</Extensions>
    </Filter>
    <Filter Include="Header Files">
      <UniqueIdentifier>{93995380-89BD-4b04-88EB-625FBE52EBFB}</UniqueIdentifier>
      <Extensions>h;hpp;hxx;hm;inl;inc;xsd</Extensions>
    </Filter>
    <Filter Include="Resource Files">
      <UniqueIdentifier>{D9D6E242-F8AF-46E4-B9FD-80ECBC20BA3E}</UniqueIdentifier>
      <Extensions>qrc;*</Extensions>
      <ParseFiles>false</ParseFiles>
    </Filter>
    <Filter Include="Resource Files">
      <UniqueIdentifier>{D9D6E242-F8AF-46E4-B9FD-80ECBC20BA3E}</UniqueIdentifier>
      <Extensions>qrc;*</Extensions>
      <ParseFiles>false</ParseFiles>
    </Filter>
    <Filter Include="Source Files">
      <UniqueIdentifier>{4FC737F1-C7A5-4376-A066-2A32D752A2FF}</UniqueIdentifier>
      <Extensions>cpp;c;cxx;def;odl;idl;hpj;bat;asm;asmx</Extensions>
    </Filter>
    <Filter Include="Source Files">
      <UniqueIdentifier>{4FC737F1-C7A5-4376-A066-2A32D752A2FF}</UniqueIdentifier>
      <Extensions>cpp;c;cxx;def;odl;idl;hpj;bat;asm;asmx</Extensions>
    </Filter>
    <Filter Include="Source Files\widgets">
      <UniqueIdentifier>{f0f3ed48-cb15-4b8c-bfc8-86849b69ee87}</UniqueIdentifier>
    </Filter>
    <Filter Include="Source Files\dialogs">
      <UniqueIdentifier>{6205b814-5dc5-4f3f-95a1-847581141797}</UniqueIdentifier>
    </Filter>
    <Filter Include="Header Files\dialogs">
      <UniqueIdentifier>{2b99fd98-9213-49c1-ba17-3bb0095ca187}</UniqueIdentifier>
    </Filter>
    <Filter Include="Header Files\widgets">
      <UniqueIdentifier>{9690bc9b-15fe-4e58-a0b0-ce18f9274066}</UniqueIdentifier>
    </Filter>
    <Filter Include="Header Files\objects">
      <UniqueIdentifier>{65d26215-6b30-40e7-8c96-af5f3fb9d4e9}</UniqueIdentifier>
    </Filter>
    <Filter Include="Source Files\objects">
      <UniqueIdentifier>{a64b8bf2-73e9-4dbb-b766-05c169135199}</UniqueIdentifier>
    </Filter>
    <Filter Include="Header Files\services">
      <UniqueIdentifier>{b9e8c28f-dc3a-4cc6-bf6f-b8b72db2de0b}</UniqueIdentifier>
    </Filter>
    <Filter Include="Source Files\services">
      <UniqueIdentifier>{9607b588-5cec-4f98-bd57-2a71631bae69}</UniqueIdentifier>
    </Filter>
    <Filter Include="Source Files\objects\wordsEditor">
      <UniqueIdentifier>{b5b24b25-02c2-415d-b802-22ee1f3cb943}</UniqueIdentifier>
    </Filter>
    <Filter Include="Header Files\objects\wordsEditor">
      <UniqueIdentifier>{0a5c5895-f651-4f8c-b065-016779efb5d2}</UniqueIdentifier>
    </Filter>
    <Filter Include="Source Files\objects\sequencer">
      <UniqueIdentifier>{3cef4eca-4a35-45c3-aeda-8a722ea01407}</UniqueIdentifier>
    </Filter>
    <Filter Include="Header Files\objects\sequencer">
      <UniqueIdentifier>{86d00c56-94b9-4e06-82fa-a168cf731386}</UniqueIdentifier>
    </Filter>
    <Filter Include="Source Files\objects\wordsEditor\states">
      <UniqueIdentifier>{d149e154-977a-4535-9af8-2029994becb0}</UniqueIdentifier>
    </Filter>
    <Filter Include="Header Files\objects\wordsEditor\states">
      <UniqueIdentifier>{e44ba112-12ea-440e-a7cf-f175b0394933}</UniqueIdentifier>
    </Filter>
  </ItemGroup>
  <ItemGroup>
    <CustomBuild Include="moc_cbt\debug\moc_predefs.h.cbt">
      <Filter>Generated Files</Filter>
    </CustomBuild>
    <CustomBuild Include="moc_cbt\release\moc_predefs.h.cbt">
      <Filter>Generated Files</Filter>
    </CustomBuild>
  </ItemGroup>
  <ItemGroup>
    <QtRcc Include="app-resources.qrc">
      <Filter>Resource Files</Filter>
    </QtRcc>
    <None Include="assets\icons\application.ico">
      <Filter>Resource Files</Filter>
    </None>
    <None Include="assets\icons\application_warning.ico">
      <Filter>Resource Files</Filter>
    </None>
    <None Include="assets\fonts\arial.ttf">
      <Filter>Resource Files</Filter>
    </None>
    <None Include="assets\fonts\arial_narrow_7.ttf">
      <Filter>Resource Files</Filter>
    </None>
    <None Include="assets\icons\calculator.ico">
      <Filter>Resource Files</Filter>
    </None>
    <None Include="assets\icons\calendar.ico">
      <Filter>Resource Files</Filter>
    </None>
    <None Include="assets\icons\camera.ico">
      <Filter>Resource Files</Filter>
    </None>
    <None Include="assets\icons\clock.ico">
      <Filter>Resource Files</Filter>
    </None>
    <None Include="assets\icons\coffee.ico">
      <Filter>Resource Files</Filter>
    </None>
    <None Include="assets\icons\computer.ico">
      <Filter>Resource Files</Filter>
    </None>
    <None Include="assets\icons\cotorro.ico">
      <Filter>Resource Files</Filter>
    </None>
    <None Include="assets\images\cotorro_banner.png">
      <Filter>Resource Files</Filter>
    </None>
    <None Include="assets\icons\direction_down.ico">
      <Filter>Resource Files</Filter>
    </None>
    <None Include="assets\icons\direction_left.ico">
      <Filter>Resource Files</Filter>
    </None>
    <None Include="assets\icons\direction_right.ico">
      <Filter>Resource Files</Filter>
    </None>
    <None Include="assets\icons\direction_up.ico">
      <Filter>Resource Files</Filter>
    </None>
    <None Include="assets\icons\disc.ico">
      <Filter>Resource Files</Filter>
    </None>
    <None Include="assets\icons\diskette.ico">
      <Filter>Resource Files</Filter>
    </None>
    <None Include="assets\icons\document.ico">
      <Filter>Resource Files</Filter>
    </None>
    <None Include="assets\icons\document_add.ico">
      <Filter>Resource Files</Filter>
    </None>
    <None Include="assets\icons\document_delete.ico">
      <Filter>Resource Files</Filter>
    </None>
    <None Include="assets\icons\document_edit.ico">
      <Filter>Resource Files</Filter>
    </None>
    <None Include="assets\icons\document_search.ico">
      <Filter>Resource Files</Filter>
    </None>
    <None Include="assets\icons\document_warning.ico">
      <Filter>Resource Files</Filter>
    </None>
    <None Include="assets\icons\file.ico">
      <Filter>Resource Files</Filter>
    </None>
    <None Include="assets\icons\file_add.ico">
      <Filter>Resource Files</Filter>
    </None>
    <None Include="assets\icons\file_delete.ico">
      <Filter>Resource Files</Filter>
    </None>
    <None Include="assets\icons\file_edit.ico">
      <Filter>Resource Files</Filter>
    </None>
    <None Include="assets\icons\file_search.ico">
      <Filter>Resource Files</Filter>
    </None>
    <None Include="assets\icons\file_warning.ico">
      <Filter>Resource Files</Filter>
    </None>
    <None Include="assets\icons\folder.ico">
      <Filter>Resource Files</Filter>
    </None>
    <None Include="assets\icons\folder_add.ico">
      <Filter>Resource Files</Filter>
    </None>
    <None Include="assets\icons\folder_delete.ico">
      <Filter>Resource Files</Filter>
    </None>
    <None Include="assets\icons\folder_empty.ico">
      <Filter>Resource Files</Filter>
    </None>
    <None Include="assets\icons\folder_search.ico">
      <Filter>Resource Files</Filter>
    </None>
    <None Include="assets\icons\folder_warning.ico">
      <Filter>Resource Files</Filter>
    </None>
    <None Include="assets\icons\home.ico">
      <Filter>Resource Files</Filter>
    </None>
    <None Include="assets\icons\load_download.ico">
      <Filter>Resource Files</Filter>
    </None>
    <None Include="assets\icons\load_upload.ico">
      <Filter>Resource Files</Filter>
    </None>
    <None Include="assets\icons\mail.ico">
      <Filter>Resource Files</Filter>
    </None>
    <None Include="assets\icons\mail_delete.ico">
      <Filter>Resource Files</Filter>
    </None>
    <None Include="assets\icons\mail_receive.ico">
      <Filter>Resource Files</Filter>
    </None>
    <None Include="assets\icons\mail_search.ico">
      <Filter>Resource Files</Filter>
    </None>
    <None Include="assets\icons\mail_send.ico">
      <Filter>Resource Files</Filter>
    </None>
    <None Include="assets\icons\mail_warning.ico">
      <Filter>Resource Files</Filter>
    </None>
    <None Include="assets\icons\mail_write.ico">
      <Filter>Resource Files</Filter>
    </None>
    <None Include="assets\icons\manage.ico">
      <Filter>Resource Files</Filter>
    </None>
    <None Include="assets\icons\message.ico">
      <Filter>Resource Files</Filter>
    </None>
    <None Include="assets\icons\notification_add.ico">
      <Filter>Resource Files</Filter>
    </None>
    <None Include="assets\icons\notification_done.ico">
      <Filter>Resource Files</Filter>
    </None>
    <None Include="assets\icons\notification_error.ico">
      <Filter>Resource Files</Filter>
    </None>
    <None Include="assets\icons\notification_remove.ico">
      <Filter>Resource Files</Filter>
    </None>
    <None Include="assets\icons\notification_warning.ico">
      <Filter>Resource Files</Filter>
    </None>
    <None Include="assets\icons\piechart.ico">
      <Filter>Resource Files</Filter>
    </None>
    <None Include="assets\icons\player_fastforward.ico">
      <Filter>Resource Files</Filter>
    </None>
    <None Include="assets\icons\player_pause.ico">
      <Filter>Resource Files</Filter>
    </None>
    <None Include="assets\icons\player_play.ico">
      <Filter>Resource Files</Filter>
    </None>
    <None Include="assets\icons\player_record.ico">
      <Filter>Resource Files</Filter>
    </None>
    <None Include="assets\icons\player_rewind.ico">
      <Filter>Resource Files</Filter>
    </None>
    <None Include="assets\icons\player_stop.ico">
      <Filter>Resource Files</Filter>
    </None>
    <None Include="assets\icons\rss.ico">
      <Filter>Resource Files</Filter>
    </None>
    <None Include="assets\icons\search.ico">
      <Filter>Resource Files</Filter>
    </None>
    <None Include="assets\icons\security_key.ico">
      <Filter>Resource Files</Filter>
    </None>
    <None Include="assets\icons\security_keyandlock.ico">
      <Filter>Resource Files</Filter>
    </None>
    <None Include="assets\icons\security_lock.ico">
      <Filter>Resource Files</Filter>
    </None>
    <None Include="assets\icons\security_unlock.ico">
      <Filter>Resource Files</Filter>
    </None>
    <None Include="assets\icons\shoppingcart.ico">
      <Filter>Resource Files</Filter>
    </None>
    <None Include="assets\icons\shoppingcart_add.ico">
      <Filter>Resource Files</Filter>
    </None>
    <None Include="assets\icons\shoppingcart_checkout.ico">
      <Filter>Resource Files</Filter>
    </None>
    <None Include="assets\icons\shoppingcart_remove.ico">
      <Filter>Resource Files</Filter>
    </None>
    <None Include="assets\icons\shoppingcart_warning.ico">
      <Filter>Resource Files</Filter>
    </None>
    <None Include="assets\icons\star_empty.ico">
      <Filter>Resource Files</Filter>
    </None>
    <None Include="assets\icons\star_full.ico">
      <Filter>Resource Files</Filter>
    </None>
    <None Include="assets\icons\star_half.ico">
      <Filter>Resource Files</Filter>
    </None>
    <None Include="assets\icons\user.ico">
      <Filter>Resource Files</Filter>
    </None>
    <None Include="assets\icons\user_add.ico">
      <Filter>Resource Files</Filter>
    </None>
    <None Include="assets\icons\user_delete.ico">
      <Filter>Resource Files</Filter>
    </None>
    <None Include="assets\icons\volume.ico">
      <Filter>Resource Files</Filter>
    </None>
    <None Include="assets\icons\volume_down.ico">
      <Filter>Resource Files</Filter>
    </None>
    <None Include="assets\icons\volume_mute.ico">
      <Filter>Resource Files</Filter>
    </None>
    <None Include="assets\icons\volume_up.ico">
      <Filter>Resource Files</Filter>
    </None>
    <None Include="assets\icons\warning.ico">
      <Filter>Resource Files</Filter>
    </None>
  </ItemGroup>
  <ItemGroup>
    <QtMoc Include="include\ctCotorro.h">
      <Filter>Header Files</Filter>
    </QtMoc>
    <QtMoc Include="include\ctStorySectionEditorWidget.h">
      <Filter>Header Files\widgets</Filter>
    </QtMoc>
    <QtMoc Include="include\ctAudioManager.h">
      <Filter>Header Files\services</Filter>
    </QtMoc>
    <QtMoc Include="include\ctProject.h">
      <Filter>Header Files\services</Filter>
    </QtMoc>
    <QtMoc Include="include\ctStorySectionManager.h">
      <Filter>Header Files\services</Filter>
    </QtMoc>
    <QtMoc Include="include\diaCreateSection.h">
      <Filter>Header Files\dialogs</Filter>
    </QtMoc>
    <QtMoc Include="include\diaNewProject.h">
      <Filter>Header Files\dialogs</Filter>
    </QtMoc>
    <QtMoc Include="include\diaEditor.h">
      <Filter>Header Files\dialogs</Filter>
    </QtMoc>
    <QtMoc Include="include\ctResourceManager.h">
      <Filter>Header Files\objects</Filter>
    </QtMoc>
    <QtMoc Include="include\ctSfmlCanvas.h">
      <Filter>Header Files\objects</Filter>
    </QtMoc>
    <QtMoc Include="include\ctStorySection.h">
      <Filter>Header Files\objects</Filter>
    </QtMoc>
  </ItemGroup>
  <ItemGroup>
    <ClInclude Include="include\ctFontResourceManager.h">
      <Filter>Header Files\services</Filter>
    </ClInclude>
    <ClInclude Include="include\ctButton.h">
      <Filter>Header Files\objects</Filter>
    </ClInclude>
    <ClInclude Include="include\ctFontResource.h">
      <Filter>Header Files\objects</Filter>
    </ClInclude>
    <ClInclude Include="include\ctFrame.h">
      <Filter>Header Files\objects</Filter>
    </ClInclude>
    <ClInclude Include="include\ctInteractiveArea.h">
      <Filter>Header Files\objects</Filter>
    </ClInclude>
    <ClInclude Include="include\ctTimeLineLine.h">
      <Filter>Header Files\objects</Filter>
    </ClInclude>
    <ClInclude Include="include\ctTransformableNode.h">
      <Filter>Header Files\objects</Filter>
    </ClInclude>
    <ClInclude Include="include\ctWaveformEditor.h">
      <Filter>Header Files\objects</Filter>
    </ClInclude>
    <ClInclude Include="include\ctWaveformEditorSlider.h">
      <Filter>Header Files\objects</Filter>
    </ClInclude>
    <ClInclude Include="include\ctWord.h">
      <Filter>Header Files\objects</Filter>
    </ClInclude>
    <ClInclude Include="include\ctCotorroUtilities.h">
      <Filter>Header Files</Filter>
    </ClInclude>
    <ClInclude Include="include\ctWordsEditor.h">
      <Filter>Header Files\objects\wordsEditor</Filter>
    </ClInclude>
    <ClInclude Include="include\ctWordBlock.h">
      <Filter>Header Files\objects\wordsEditor</Filter>
    </ClInclude>
    <ClInclude Include="include\ctSequencer.h">
      <Filter>Header Files\objects\sequencer</Filter>
    </ClInclude>
    <ClInclude Include="include\ctSequenceStage.h">
      <Filter>Header Files\objects\sequencer</Filter>
    </ClInclude>
    <ClInclude Include="include\ctSequence.h">
      <Filter>Header Files\objects\sequencer</Filter>
    </ClInclude>
    <ClInclude Include="include\ctMachineState.h">
      <Filter>Header Files\objects</Filter>
    </ClInclude>
    <ClInclude Include="include\ctMachineStateState.h">
      <Filter>Header Files\objects</Filter>
    </ClInclude>
  </ItemGroup>
  <ItemGroup>
    <ClCompile Include="src\ctCotorro.cpp">
      <Filter>Source Files</Filter>
    </ClCompile>
    <ClCompile Include="src\main.cpp">
      <Filter>Source Files</Filter>
    </ClCompile>
    <ClCompile Include="src\ctStorySectionEditorWidget.cpp">
      <Filter>Source Files\widgets</Filter>
    </ClCompile>
    <ClCompile Include="src\ctFontResourceManager.cpp">
      <Filter>Source Files\services</Filter>
    </ClCompile>
    <ClCompile Include="src\ctStorySectionManager.cpp">
      <Filter>Source Files\services</Filter>
    </ClCompile>
    <ClCompile Include="src\ctAudioManager.cpp">
      <Filter>Source Files\services</Filter>
    </ClCompile>
    <ClCompile Include="src\ctResourceManager.cpp">
      <Filter>Source Files\services</Filter>
    </ClCompile>
    <ClCompile Include="src\diaNewProject.cpp">
      <Filter>Source Files\dialogs</Filter>
    </ClCompile>
    <ClCompile Include="src\diaCreateSection.cpp">
      <Filter>Source Files\dialogs</Filter>
    </ClCompile>
    <ClCompile Include="src\diaEditor.cpp">
      <Filter>Source Files\dialogs</Filter>
    </ClCompile>
    <ClCompile Include="src\ctButton.cpp">
      <Filter>Source Files\objects</Filter>
    </ClCompile>
    <ClCompile Include="src\ctFontResource.cpp">
      <Filter>Source Files\objects</Filter>
    </ClCompile>
    <ClCompile Include="src\ctFrame.cpp">
      <Filter>Source Files\objects</Filter>
    </ClCompile>
    <ClCompile Include="src\ctInteractiveArea.cpp">
      <Filter>Source Files\objects</Filter>
    </ClCompile>
    <ClCompile Include="src\ctProject.cpp">
      <Filter>Source Files\objects</Filter>
    </ClCompile>
    <ClCompile Include="src\ctSfmlCanvas.cpp">
      <Filter>Source Files\objects</Filter>
    </ClCompile>
    <ClCompile Include="src\ctStorySection.cpp">
      <Filter>Source Files\objects</Filter>
    </ClCompile>
    <ClCompile Include="src\ctTimeLineLine.cpp">
      <Filter>Source Files\objects</Filter>
    </ClCompile>
    <ClCompile Include="src\ctTransformableNode.cpp">
      <Filter>Source Files\objects</Filter>
    </ClCompile>
    <ClCompile Include="src\ctWaveformEditor.cpp">
      <Filter>Source Files\objects</Filter>
    </ClCompile>
    <ClCompile Include="src\ctWaveformEditorSlider.cpp">
      <Filter>Source Files\objects</Filter>
    </ClCompile>
    <ClCompile Include="src\ctWord.cpp">
      <Filter>Source Files\objects</Filter>
    </ClCompile>
    <ClCompile Include="src\ctWordBlock.cpp">
      <Filter>Source Files\objects\wordsEditor</Filter>
    </ClCompile>
    <ClCompile Include="src\ctWordsEditor.cpp">
      <Filter>Source Files\objects\wordsEditor</Filter>
    </ClCompile>
    <ClCompile Include="src\ctSequencer.cpp">
      <Filter>Source Files\objects\sequencer</Filter>
    </ClCompile>
    <ClCompile Include="src\ctSequenceStage.cpp">
      <Filter>Source Files\objects\sequencer</Filter>
    </ClCompile>
    <ClCompile Include="src\ctSequence.cpp">
      <Filter>Source Files\objects\sequencer</Filter>
    </ClCompile>
    <ClCompile Include="src\ctMachineState.cpp">
      <Filter>Source Files\objects</Filter>
    </ClCompile>
    <ClCompile Include="src\ctMachineStateState.cpp">
      <Filter>Source Files\objects</Filter>
    </ClCompile>
  </ItemGroup>
  <ItemGroup>
    <QtUic Include="diaCreateSection.ui">
      <Filter>Form Files</Filter>
    </QtUic>
    <QtUic Include="diaEditor.ui">
      <Filter>Form Files</Filter>
    </QtUic>
    <QtUic Include="diaNewProject.ui">
      <Filter>Form Files</Filter>
    </QtUic>
  </ItemGroup>
</Project>